
Microsoft Visual Studio Solution File, Format Version 12.00
# Visual Studio Version 16
VisualStudioVersion = 16.0.29025.244
MinimumVisualStudioVersion = 10.0.40219.1
Project("{FAE04EC0-301F-11D3-BF4B-00C04F79EFBC}") = "WebApplication2", "WebApplication2\WebApplication2.csproj", "{932BD644-7736-4640-AA24-A24A3044DD5F}"
EndProject
Global
	GlobalSection(SolutionConfigurationPlatforms) = preSolution
		Debug|Any CPU = Debug|Any CPU
		Release|Any CPU = Release|Any CPU
	EndGlobalSection
	GlobalSection(ProjectConfigurationPlatforms) = postSolution
		{932BD644-7736-4640-AA24-A24A3044DD5F}.Debug|Any CPU.ActiveCfg = Debug|Any CPU
		{932BD644-7736-4640-AA24-A24A3044DD5F}.Debug|Any CPU.Build.0 = Debug|Any CPU
		{932BD644-7736-4640-AA24-A24A3044DD5F}.Release|Any CPU.ActiveCfg = Release|Any CPU
		{932BD644-7736-4640-AA24-A24A3044DD5F}.Release|Any CPU.Build.0 = Release|Any CPU
	EndGlobalSection
	GlobalSection(SolutionProperties) = preSolution
		HideSolutionNode = FALSE
	EndGlobalSection
	GlobalSection(ExtensibilityGlobals) = postSolution
		SolutionGuid = {27CA26B9-7AAB-4911-BBE2-6F918B9378A0}
	EndGlobalSection
EndGlobal
