
Microsoft Visual Studio Solution File, Format Version 12.00
# Visual Studio Version 16
VisualStudioVersion = 16.0.29025.244
MinimumVisualStudioVersion = 10.0.40219.1
Project("{FAE04EC0-301F-11D3-BF4B-00C04F79EFBC}") = "SegundoEjercicioDeber", "SegundoEjercicioDeber\SegundoEjercicioDeber.csproj", "{4C495A09-CFED-4AE6-8C26-F26A3317913A}"
EndProject
Global
	GlobalSection(SolutionConfigurationPlatforms) = preSolution
		Debug|Any CPU = Debug|Any CPU
		Release|Any CPU = Release|Any CPU
	EndGlobalSection
	GlobalSection(ProjectConfigurationPlatforms) = postSolution
		{4C495A09-CFED-4AE6-8C26-F26A3317913A}.Debug|Any CPU.ActiveCfg = Debug|Any CPU
		{4C495A09-CFED-4AE6-8C26-F26A3317913A}.Debug|Any CPU.Build.0 = Debug|Any CPU
		{4C495A09-CFED-4AE6-8C26-F26A3317913A}.Release|Any CPU.ActiveCfg = Release|Any CPU
		{4C495A09-CFED-4AE6-8C26-F26A3317913A}.Release|Any CPU.Build.0 = Release|Any CPU
	EndGlobalSection
	GlobalSection(SolutionProperties) = preSolution
		HideSolutionNode = FALSE
	EndGlobalSection
	GlobalSection(ExtensibilityGlobals) = postSolution
		SolutionGuid = {5547E1F6-7EE9-43F7-88C2-B277E68E41FF}
	EndGlobalSection
EndGlobal
